
Microsoft Visual Studio Solution File, Format Version 12.00
# Visual Studio 15
VisualStudioVersion = 15.0.28307.539
MinimumVisualStudioVersion = 10.0.40219.1
Project("{FAE04EC0-301F-11D3-BF4B-00C04F79EFBC}") = "BasicWebApp", "BasicWebApp\BasicWebApp.csproj", "{85317293-1AD5-4AB3-AB06-0D76F8CF4846}"
EndProject
Global
	GlobalSection(SolutionConfigurationPlatforms) = preSolution
		Debug|Any CPU = Debug|Any CPU
		Release|Any CPU = Release|Any CPU
	EndGlobalSection
	GlobalSection(ProjectConfigurationPlatforms) = postSolution
		{85317293-1AD5-4AB3-AB06-0D76F8CF4846}.Debug|Any CPU.ActiveCfg = Debug|Any CPU
		{85317293-1AD5-4AB3-AB06-0D76F8CF4846}.Debug|Any CPU.Build.0 = Debug|Any CPU
		{85317293-1AD5-4AB3-AB06-0D76F8CF4846}.Release|Any CPU.ActiveCfg = Release|Any CPU
		{85317293-1AD5-4AB3-AB06-0D76F8CF4846}.Release|Any CPU.Build.0 = Release|Any CPU
	EndGlobalSection
	GlobalSection(SolutionProperties) = preSolution
		HideSolutionNode = FALSE
	EndGlobalSection
	GlobalSection(ExtensibilityGlobals) = postSolution
		SolutionGuid = {C2AF87A8-1E5A-4D2A-A153-6D1EC4F1CF8D}
	EndGlobalSection
EndGlobal
